<?xml version="1.0" encoding="utf-8"?>
<Project ToolsVersion="4.0" xmlns="http://schemas.microsoft.com/developer/msbuild/2003">
  <ItemGroup>
    <Filter Include="소스 파일">
      <UniqueIdentifier>{4FC737F1-C7A5-4376-A066-2A32D752A2FF}</UniqueIdentifier>
      <Extensions>cpp;c;cc;cxx;c++;cppm;ixx;def;odl;idl;hpj;bat;asm;asmx</Extensions>
    </Filter>
    <Filter Include="헤더 파일">
      <UniqueIdentifier>{93995380-89BD-4b04-88EB-625FBE52EBFB}</UniqueIdentifier>
      <Extensions>h;hh;hpp;hxx;h++;hm;inl;inc;ipp;xsd</Extensions>
    </Filter>
    <Filter Include="리소스 파일">
      <UniqueIdentifier>{67DA6AB6-F800-4c08-8B7A-83BB121AAD01}</UniqueIdentifier>
      <Extensions>rc;ico;cur;bmp;dlg;rc2;rct;bin;rgs;gif;jpg;jpeg;jpe;resx;tiff;tif;png;wav;mfcribbon-ms</Extensions>
    </Filter>
    <Filter Include="소스 파일\Vector3">
      <UniqueIdentifier>{07d217c1-f724-42ec-b227-6c6451ddb396}</UniqueIdentifier>
    </Filter>
    <Filter Include="소스 파일\GameObject">
      <UniqueIdentifier>{ba6b3514-e96b-42c7-827d-f474f1feb99d}</UniqueIdentifier>
    </Filter>
    <Filter Include="소스 파일\Scene">
      <UniqueIdentifier>{d983c108-f29c-47f3-9d6e-81191b5e1b47}</UniqueIdentifier>
    </Filter>
    <Filter Include="소스 파일\Container">
      <UniqueIdentifier>{08df48b5-a095-4599-b3bf-b0699fe694e9}</UniqueIdentifier>
    </Filter>
    <Filter Include="소스 파일\GameObject\LobbySceneObject">
      <UniqueIdentifier>{5ad13cad-946c-4e9a-a4b3-cd3f3680cbe9}</UniqueIdentifier>
    </Filter>
    <Filter Include="소스 파일\GameObject\MainMenu">
      <UniqueIdentifier>{738576d2-f7dd-410f-8f84-465009c0144c}</UniqueIdentifier>
    </Filter>
  </ItemGroup>
  <ItemGroup>
    <ClInclude Include="framework.h">
      <Filter>헤더 파일</Filter>
    </ClInclude>
    <ClInclude Include="targetver.h">
      <Filter>헤더 파일</Filter>
    </ClInclude>
    <ClInclude Include="Resource.h">
      <Filter>헤더 파일</Filter>
    </ClInclude>
    <ClInclude Include="Win32GameProject.h">
      <Filter>헤더 파일</Filter>
    </ClInclude>
    <ClInclude Include="GameManager.h">
      <Filter>헤더 파일</Filter>
    </ClInclude>
    <ClInclude Include="Vector3.h">
      <Filter>소스 파일\Vector3</Filter>
    </ClInclude>
    <ClInclude Include="RenderSystem.h">
      <Filter>헤더 파일</Filter>
    </ClInclude>
    <ClInclude Include="TimeSystem.h">
      <Filter>헤더 파일</Filter>
    </ClInclude>
    <ClInclude Include="SceneManager.h">
      <Filter>소스 파일\Scene</Filter>
    </ClInclude>
    <ClInclude Include="globalheader.h">
      <Filter>헤더 파일</Filter>
    </ClInclude>
    <ClInclude Include="Scene.h">
      <Filter>소스 파일\Scene</Filter>
    </ClInclude>
    <ClInclude Include="Vector.hpp">
      <Filter>소스 파일\Container</Filter>
    </ClInclude>
    <ClInclude Include="LobbyScene.h">
      <Filter>소스 파일\Scene</Filter>
    </ClInclude>
    <ClInclude Include="InputSystem.h">
      <Filter>헤더 파일</Filter>
    </ClInclude>
    <ClInclude Include="queue.hpp">
      <Filter>소스 파일\Container</Filter>
    </ClInclude>
    <ClInclude Include="MainMenu.h">
      <Filter>소스 파일\Scene</Filter>
    </ClInclude>
    <ClInclude Include="BackGround.h">
      <Filter>소스 파일\GameObject\LobbySceneObject</Filter>
    </ClInclude>
    <ClInclude Include="GameObject.h">
      <Filter>소스 파일\GameObject\LobbySceneObject</Filter>
    </ClInclude>
    <ClInclude Include="ResetTile.h">
      <Filter>소스 파일\GameObject\LobbySceneObject</Filter>
    </ClInclude>
    <ClInclude Include="Tile.h">
      <Filter>소스 파일\GameObject\LobbySceneObject</Filter>
    </ClInclude>
    <ClInclude Include="Timer.h">
      <Filter>소스 파일\GameObject\LobbySceneObject</Filter>
    </ClInclude>
    <ClInclude Include="UI.h">
      <Filter>소스 파일\GameObject\LobbySceneObject</Filter>
    </ClInclude>
    <ClInclude Include="Title.h">
      <Filter>소스 파일\GameObject\MainMenu</Filter>
    </ClInclude>
    <ClInclude Include="ButtonStart.h">
      <Filter>소스 파일\GameObject\MainMenu</Filter>
    </ClInclude>
    <ClInclude Include="MainBG.h">
      <Filter>소스 파일\GameObject\MainMenu</Filter>
    </ClInclude>
  </ItemGroup>
  <ItemGroup>
    <ClCompile Include="Win32GameProject.cpp">
      <Filter>소스 파일</Filter>
    </ClCompile>
    <ClCompile Include="GameManager.cpp">
      <Filter>소스 파일</Filter>
    </ClCompile>
    <ClCompile Include="Vector3.cpp">
      <Filter>소스 파일\Vector3</Filter>
    </ClCompile>
    <ClCompile Include="RenderSystem.cpp">
      <Filter>소스 파일</Filter>
    </ClCompile>
    <ClCompile Include="TimeSystem.cpp">
      <Filter>소스 파일</Filter>
    </ClCompile>
    <ClCompile Include="SceneManager.cpp">
      <Filter>소스 파일\Scene</Filter>
    </ClCompile>
    <ClCompile Include="Scene.cpp">
      <Filter>소스 파일\Scene</Filter>
    </ClCompile>
    <ClCompile Include="LobbyScene.cpp">
      <Filter>소스 파일\Scene</Filter>
    </ClCompile>
    <ClCompile Include="InputSystem.cpp">
      <Filter>소스 파일</Filter>
    </ClCompile>
    <ClCompile Include="Mine.cpp">
      <Filter>소스 파일</Filter>
    </ClCompile>
    <ClCompile Include="MainMenu.cpp">
      <Filter>소스 파일\Scene</Filter>
    </ClCompile>
    <ClCompile Include="BackGround.cpp">
      <Filter>소스 파일\GameObject\LobbySceneObject</Filter>
    </ClCompile>
    <ClCompile Include="GameObject.cpp">
      <Filter>소스 파일\GameObject\LobbySceneObject</Filter>
    </ClCompile>
    <ClCompile Include="ResetTile.cpp">
      <Filter>소스 파일\GameObject\LobbySceneObject</Filter>
    </ClCompile>
    <ClCompile Include="Tile.cpp">
      <Filter>소스 파일\GameObject\LobbySceneObject</Filter>
    </ClCompile>
    <ClCompile Include="Timer.cpp">
      <Filter>소스 파일\GameObject\LobbySceneObject</Filter>
    </ClCompile>
    <ClCompile Include="UI.cpp">
      <Filter>소스 파일\GameObject\LobbySceneObject</Filter>
    </ClCompile>
    <ClCompile Include="Title.cpp">
      <Filter>소스 파일\GameObject\MainMenu</Filter>
    </ClCompile>
    <ClCompile Include="ButtonStart.cpp">
      <Filter>소스 파일\GameObject\MainMenu</Filter>
    </ClCompile>
    <ClCompile Include="MainBG.cpp">
      <Filter>소스 파일\GameObject\MainMenu</Filter>
    </ClCompile>
  </ItemGroup>
  <ItemGroup>
    <ResourceCompile Include="Win32GameProject.rc">
      <Filter>리소스 파일</Filter>
    </ResourceCompile>
  </ItemGroup>
  <ItemGroup>
    <Image Include="small.ico">
      <Filter>리소스 파일</Filter>
    </Image>
    <Image Include="Win32GameProject.ico">
      <Filter>리소스 파일</Filter>
    </Image>
    <Image Include="bitmap1.bmp">
      <Filter>리소스 파일</Filter>
    </Image>
    <Image Include="Opened_One.bmp">
      <Filter>리소스 파일</Filter>
    </Image>
    <Image Include="Opened_Two.bmp">
      <Filter>리소스 파일</Filter>
    </Image>
    <Image Include="UnOpenedTile_Focus.bmp">
      <Filter>리소스 파일</Filter>
    </Image>
    <Image Include="UnOpenedTile.bmp">
      <Filter>리소스 파일</Filter>
    </Image>
    <Image Include="Opened_Three.bmp">
      <Filter>리소스 파일</Filter>
    </Image>
    <Image Include="Opened_Four.bmp">
      <Filter>리소스 파일</Filter>
    </Image>
    <Image Include="Opened_Five.bmp">
      <Filter>리소스 파일</Filter>
    </Image>
    <Image Include="MainMap.bmp">
      <Filter>리소스 파일</Filter>
    </Image>
    <Image Include="Opened_Six.bmp">
      <Filter>리소스 파일</Filter>
    </Image>
    <Image Include="Opened_Seven.bmp">
      <Filter>리소스 파일</Filter>
    </Image>
    <Image Include="Opened_Eight.bmp">
      <Filter>리소스 파일</Filter>
    </Image>
    <Image Include="Flag.bmp">
      <Filter>리소스 파일</Filter>
    </Image>
    <Image Include="Mine.bmp">
      <Filter>리소스 파일</Filter>
    </Image>
    <Image Include="Opened_Mine.bmp">
      <Filter>리소스 파일</Filter>
    </Image>
    <Image Include="Smile_Face.bmp">
      <Filter>리소스 파일</Filter>
    </Image>
    <Image Include="Died_Face.bmp">
      <Filter>리소스 파일</Filter>
    </Image>
    <Image Include="Win_Face.bmp">
      <Filter>리소스 파일</Filter>
    </Image>
    <Image Include="WhiteBoard.bmp">
      <Filter>리소스 파일</Filter>
    </Image>
    <Image Include="Title.bmp">
      <Filter>리소스 파일</Filter>
    </Image>
    <Image Include="Play_Button.bmp">
      <Filter>리소스 파일</Filter>
    </Image>
    <Image Include="Play_Button_Clicked.bmp">
      <Filter>리소스 파일</Filter>
    </Image>
  </ItemGroup>
</Project>